
Microsoft Visual Studio Solution File, Format Version 12.00
# Visual Studio Version 17
VisualStudioVersion = 17.7.34024.191
MinimumVisualStudioVersion = 10.0.40219.1
Project("{FAE04EC0-301F-11D3-BF4B-00C04F79EFBC}") = "Vidly", "Vidly\Vidly.csproj", "{5FE80B67-D4A8-470D-B4AC-04A4894D5882}"
EndProject
Global
	GlobalSection(SolutionConfigurationPlatforms) = preSolution
		Debug|Any CPU = Debug|Any CPU
		Release|Any CPU = Release|Any CPU
	EndGlobalSection
	GlobalSection(ProjectConfigurationPlatforms) = postSolution
		{5FE80B67-D4A8-470D-B4AC-04A4894D5882}.Debug|Any CPU.ActiveCfg = Debug|Any CPU
		{5FE80B67-D4A8-470D-B4AC-04A4894D5882}.Debug|Any CPU.Build.0 = Debug|Any CPU
		{5FE80B67-D4A8-470D-B4AC-04A4894D5882}.Release|Any CPU.ActiveCfg = Release|Any CPU
		{5FE80B67-D4A8-470D-B4AC-04A4894D5882}.Release|Any CPU.Build.0 = Release|Any CPU
	EndGlobalSection
	GlobalSection(SolutionProperties) = preSolution
		HideSolutionNode = FALSE
	EndGlobalSection
	GlobalSection(ExtensibilityGlobals) = postSolution
		SolutionGuid = {09FB439D-2A36-41AF-823E-C610DE094919}
	EndGlobalSection
EndGlobal
